
Microsoft Visual Studio Solution File, Format Version 10.00
# Visual C++ Express 2008
Project("{8BC9CEB8-8B4A-11D0-8D11-00A0C91BC942}") = "libliteser", "libliteser.vcproj", "{CAED2FEA-A7E4-4067-8EE5-51DF75651CED}"
	ProjectSection(ProjectDependencies) = postProject
		{9C043B29-DB40-48D5-97D8-1BC44128E3BA} = {9C043B29-DB40-48D5-97D8-1BC44128E3BA}
		{E4D373BF-E227-48B9-99E6-84987E8674EC} = {E4D373BF-E227-48B9-99E6-84987E8674EC}
	EndProjectSection
EndProject
Project("{8BC9CEB8-8B4A-11D0-8D11-00A0C91BC942}") = "libhltypes", "..\hltypes\libhltypes.vcproj", "{E4D373BF-E227-48B9-99E6-84987E8674EC}"
EndProject
Project("{8BC9CEB8-8B4A-11D0-8D11-00A0C91BC942}") = "demo_simple", "demos\demo_simple\demo_simple.vcproj", "{8ED4EDB5-7C0E-411F-BCC6-E96882CC73F3}"
EndProject
Project("{8BC9CEB8-8B4A-11D0-8D11-00A0C91BC942}") = "libgtypes", "..\gtypes\libgtypes.vcproj", "{9C043B29-DB40-48D5-97D8-1BC44128E3BA}"
EndProject
Global
	GlobalSection(SolutionConfigurationPlatforms) = preSolution
		Debug|Win32 = Debug|Win32
		Release|Win32 = Release|Win32
	EndGlobalSection
	GlobalSection(ProjectConfigurationPlatforms) = postSolution
		{CAED2FEA-A7E4-4067-8EE5-51DF75651CED}.Debug|Win32.ActiveCfg = Debug|Win32
		{CAED2FEA-A7E4-4067-8EE5-51DF75651CED}.Debug|Win32.Build.0 = Debug|Win32
		{CAED2FEA-A7E4-4067-8EE5-51DF75651CED}.Release|Win32.ActiveCfg = Release|Win32
		{CAED2FEA-A7E4-4067-8EE5-51DF75651CED}.Release|Win32.Build.0 = Release|Win32
		{E4D373BF-E227-48B9-99E6-84987E8674EC}.Debug|Win32.ActiveCfg = Debug|Win32
		{E4D373BF-E227-48B9-99E6-84987E8674EC}.Debug|Win32.Build.0 = Debug|Win32
		{E4D373BF-E227-48B9-99E6-84987E8674EC}.Release|Win32.ActiveCfg = Release|Win32
		{E4D373BF-E227-48B9-99E6-84987E8674EC}.Release|Win32.Build.0 = Release|Win32
		{8ED4EDB5-7C0E-411F-BCC6-E96882CC73F3}.Debug|Win32.ActiveCfg = Debug|Win32
		{8ED4EDB5-7C0E-411F-BCC6-E96882CC73F3}.Debug|Win32.Build.0 = Debug|Win32
		{8ED4EDB5-7C0E-411F-BCC6-E96882CC73F3}.Release|Win32.ActiveCfg = Release|Win32
		{8ED4EDB5-7C0E-411F-BCC6-E96882CC73F3}.Release|Win32.Build.0 = Release|Win32
		{9C043B29-DB40-48D5-97D8-1BC44128E3BA}.Debug|Win32.ActiveCfg = Debug|Win32
		{9C043B29-DB40-48D5-97D8-1BC44128E3BA}.Debug|Win32.Build.0 = Debug|Win32
		{9C043B29-DB40-48D5-97D8-1BC44128E3BA}.Release|Win32.ActiveCfg = Release|Win32
		{9C043B29-DB40-48D5-97D8-1BC44128E3BA}.Release|Win32.Build.0 = Release|Win32
	EndGlobalSection
	GlobalSection(SolutionProperties) = preSolution
		HideSolutionNode = FALSE
	EndGlobalSection
EndGlobal
