// !$*UTF8*$!
{
	archiveVersion = 1;
	classes = {
	};
	objectVersion = 46;
	objects = {

/* Begin PBXBuildFile section */
		C9C04D0F14BAE83A005BD333 /* liteser.cpp in Sources */ = {isa = PBXBuildFile; fileRef = C9C04D0D14BAE83A005BD333 /* liteser.cpp */; };
		C9C04D1014BAE83A005BD333 /* liteser.cpp in Sources */ = {isa = PBXBuildFile; fileRef = C9C04D0D14BAE83A005BD333 /* liteser.cpp */; };
		C9C04D1114BAE83A005BD333 /* Serializable.cpp in Sources */ = {isa = PBXBuildFile; fileRef = C9C04D0E14BAE83A005BD333 /* Serializable.cpp */; };
		C9C04D1214BAE83A005BD333 /* Serializable.cpp in Sources */ = {isa = PBXBuildFile; fileRef = C9C04D0E14BAE83A005BD333 /* Serializable.cpp */; };
		C9C04D1614BAE84B005BD333 /* liteser.h in Headers */ = {isa = PBXBuildFile; fileRef = C9C04D1314BAE84B005BD333 /* liteser.h */; settings = {ATTRIBUTES = (Public, ); }; };
		C9C04D1714BAE84B005BD333 /* liteser.h in Headers */ = {isa = PBXBuildFile; fileRef = C9C04D1314BAE84B005BD333 /* liteser.h */; };
		C9C04D1814BAE84B005BD333 /* liteserExport.h in Headers */ = {isa = PBXBuildFile; fileRef = C9C04D1414BAE84B005BD333 /* liteserExport.h */; settings = {ATTRIBUTES = (Public, ); }; };
		C9C04D1914BAE84B005BD333 /* liteserExport.h in Headers */ = {isa = PBXBuildFile; fileRef = C9C04D1414BAE84B005BD333 /* liteserExport.h */; };
		C9C04D1A14BAE84B005BD333 /* Serializable.h in Headers */ = {isa = PBXBuildFile; fileRef = C9C04D1514BAE84B005BD333 /* Serializable.h */; settings = {ATTRIBUTES = (Public, ); }; };
		C9C04D1B14BAE84B005BD333 /* Serializable.h in Headers */ = {isa = PBXBuildFile; fileRef = C9C04D1514BAE84B005BD333 /* Serializable.h */; };
		C9C04D3E14BAEA01005BD333 /* hltypes.framework in Frameworks */ = {isa = PBXBuildFile; fileRef = C9C04D3D14BAEA01005BD333 /* hltypes.framework */; };
/* End PBXBuildFile section */

/* Begin PBXFileReference section */
		8DC2EF5A0486A6940098B216 /* Info.plist */ = {isa = PBXFileReference; fileEncoding = 4; lastKnownFileType = text.plist.xml; path = Info.plist; sourceTree = "<group>"; };
		C9C04D0D14BAE83A005BD333 /* liteser.cpp */ = {isa = PBXFileReference; fileEncoding = 4; lastKnownFileType = sourcecode.cpp.cpp; name = liteser.cpp; path = src/liteser.cpp; sourceTree = "<group>"; };
		C9C04D0E14BAE83A005BD333 /* Serializable.cpp */ = {isa = PBXFileReference; fileEncoding = 4; lastKnownFileType = sourcecode.cpp.cpp; name = Serializable.cpp; path = src/Serializable.cpp; sourceTree = "<group>"; };
		C9C04D1314BAE84B005BD333 /* liteser.h */ = {isa = PBXFileReference; fileEncoding = 4; lastKnownFileType = sourcecode.c.h; name = liteser.h; path = include/liteser/liteser.h; sourceTree = "<group>"; };
		C9C04D1414BAE84B005BD333 /* liteserExport.h */ = {isa = PBXFileReference; fileEncoding = 4; lastKnownFileType = sourcecode.c.h; name = liteserExport.h; path = include/liteser/liteserExport.h; sourceTree = "<group>"; };
		C9C04D1514BAE84B005BD333 /* Serializable.h */ = {isa = PBXFileReference; fileEncoding = 4; lastKnownFileType = sourcecode.c.h; name = Serializable.h; path = include/liteser/Serializable.h; sourceTree = "<group>"; };
		C9C04D3D14BAEA01005BD333 /* hltypes.framework */ = {isa = PBXFileReference; lastKnownFileType = wrapper.framework; name = hltypes.framework; path = "../../__build__/pharaoh/Build/Products/Debug-LLVM/hltypes.framework"; sourceTree = "<group>"; };
		C9C04D7314BAEB2A005BD333 /* liteser.framework */ = {isa = PBXFileReference; explicitFileType = wrapper.framework; includeInIndex = 0; path = liteser.framework; sourceTree = BUILT_PRODUCTS_DIR; };
		C9C04D7414BAEB2A005BD333 /* libliteser.a */ = {isa = PBXFileReference; explicitFileType = archive.ar; includeInIndex = 0; path = libliteser.a; sourceTree = BUILT_PRODUCTS_DIR; };
/* End PBXFileReference section */

/* Begin PBXFrameworksBuildPhase section */
		8DC2EF560486A6940098B216 /* Frameworks */ = {
			isa = PBXFrameworksBuildPhase;
			buildActionMask = 2147483647;
			files = (
				C9C04D3E14BAEA01005BD333 /* hltypes.framework in Frameworks */,
			);
			runOnlyForDeploymentPostprocessing = 0;
		};
		D1522F19140F79500012F290 /* Frameworks */ = {
			isa = PBXFrameworksBuildPhase;
			buildActionMask = 2147483647;
			files = (
			);
			runOnlyForDeploymentPostprocessing = 0;
		};
/* End PBXFrameworksBuildPhase section */

/* Begin PBXGroup section */
		0867D691FE84028FC02AAC07 /* libliteser */ = {
			isa = PBXGroup;
			children = (
				8DC2EF5A0486A6940098B216 /* Info.plist */,
				7F42F6E811EB0E0600B1C1DF /* include */,
				7F42F6E711EB0E0200B1C1DF /* src */,
				C9C04DA114BAEB5F005BD333 /* Products */,
				C9C04D3F14BAEA26005BD333 /* Frameworks */,
			);
			name = libliteser;
			sourceTree = "<group>";
		};
		7F42F6E711EB0E0200B1C1DF /* src */ = {
			isa = PBXGroup;
			children = (
				C9C04D0D14BAE83A005BD333 /* liteser.cpp */,
				C9C04D0E14BAE83A005BD333 /* Serializable.cpp */,
			);
			name = src;
			sourceTree = "<group>";
		};
		7F42F6E811EB0E0600B1C1DF /* include */ = {
			isa = PBXGroup;
			children = (
				C9C04D1314BAE84B005BD333 /* liteser.h */,
				C9C04D1414BAE84B005BD333 /* liteserExport.h */,
				C9C04D1514BAE84B005BD333 /* Serializable.h */,
			);
			name = include;
			sourceTree = "<group>";
		};
		C9C04D3F14BAEA26005BD333 /* Frameworks */ = {
			isa = PBXGroup;
			children = (
				C9C04D3D14BAEA01005BD333 /* hltypes.framework */,
			);
			name = Frameworks;
			sourceTree = "<group>";
		};
		C9C04DA114BAEB5F005BD333 /* Products */ = {
			isa = PBXGroup;
			children = (
				C9C04D7414BAEB2A005BD333 /* libliteser.a */,
				C9C04D7314BAEB2A005BD333 /* liteser.framework */,
			);
			name = Products;
			sourceTree = "<group>";
		};
/* End PBXGroup section */

/* Begin PBXHeadersBuildPhase section */
		8DC2EF500486A6940098B216 /* Headers */ = {
			isa = PBXHeadersBuildPhase;
			buildActionMask = 2147483647;
			files = (
				C9C04D1614BAE84B005BD333 /* liteser.h in Headers */,
				C9C04D1814BAE84B005BD333 /* liteserExport.h in Headers */,
				C9C04D1A14BAE84B005BD333 /* Serializable.h in Headers */,
			);
			runOnlyForDeploymentPostprocessing = 0;
		};
		D1522F1A140F79500012F290 /* Headers */ = {
			isa = PBXHeadersBuildPhase;
			buildActionMask = 2147483647;
			files = (
				C9C04D1714BAE84B005BD333 /* liteser.h in Headers */,
				C9C04D1914BAE84B005BD333 /* liteserExport.h in Headers */,
				C9C04D1B14BAE84B005BD333 /* Serializable.h in Headers */,
			);
			runOnlyForDeploymentPostprocessing = 0;
		};
/* End PBXHeadersBuildPhase section */

/* Begin PBXNativeTarget section */
		8DC2EF4F0486A6940098B216 /* libliteser */ = {
			isa = PBXNativeTarget;
			buildConfigurationList = 1DEB91AD08733DA50010E9CD /* Build configuration list for PBXNativeTarget "libliteser" */;
			buildPhases = (
				8DC2EF540486A6940098B216 /* Sources */,
				8DC2EF560486A6940098B216 /* Frameworks */,
				8DC2EF500486A6940098B216 /* Headers */,
				8DC2EF520486A6940098B216 /* Resources */,
			);
			buildRules = (
			);
			dependencies = (
			);
			name = libliteser;
			productInstallPath = "$(HOME)/Library/Frameworks";
			productName = libliteser;
			productReference = C9C04D7314BAEB2A005BD333 /* liteser.framework */;
			productType = "com.apple.product-type.framework";
		};
		D1522F1B140F79500012F290 /* libliteser-ios */ = {
			isa = PBXNativeTarget;
			buildConfigurationList = D1522F2B140F79500012F290 /* Build configuration list for PBXNativeTarget "libliteser-ios" */;
			buildPhases = (
				D1522F18140F79500012F290 /* Sources */,
				D1522F19140F79500012F290 /* Frameworks */,
				D1522F1A140F79500012F290 /* Headers */,
			);
			buildRules = (
			);
			dependencies = (
			);
			name = "libliteser-ios";
			productName = "libliteser-ios";
			productReference = C9C04D7414BAEB2A005BD333 /* libliteser.a */;
			productType = "com.apple.product-type.library.static";
		};
/* End PBXNativeTarget section */

/* Begin PBXProject section */
		0867D690FE84028FC02AAC07 /* Project object */ = {
			isa = PBXProject;
			attributes = {
				LastUpgradeCheck = 0430;
			};
			buildConfigurationList = 1DEB91B108733DA50010E9CD /* Build configuration list for PBXProject "libliteser" */;
			compatibilityVersion = "Xcode 3.2";
			developmentRegion = English;
			hasScannedForEncodings = 1;
			knownRegions = (
				English,
				Japanese,
				French,
				German,
			);
			mainGroup = 0867D691FE84028FC02AAC07 /* libliteser */;
			productRefGroup = 0867D691FE84028FC02AAC07 /* libliteser */;
			projectDirPath = "";
			projectRoot = "";
			targets = (
				8DC2EF4F0486A6940098B216 /* libliteser */,
				D1522F1B140F79500012F290 /* libliteser-ios */,
			);
		};
/* End PBXProject section */

/* Begin PBXResourcesBuildPhase section */
		8DC2EF520486A6940098B216 /* Resources */ = {
			isa = PBXResourcesBuildPhase;
			buildActionMask = 2147483647;
			files = (
			);
			runOnlyForDeploymentPostprocessing = 0;
		};
/* End PBXResourcesBuildPhase section */

/* Begin PBXSourcesBuildPhase section */
		8DC2EF540486A6940098B216 /* Sources */ = {
			isa = PBXSourcesBuildPhase;
			buildActionMask = 2147483647;
			files = (
				C9C04D0F14BAE83A005BD333 /* liteser.cpp in Sources */,
				C9C04D1114BAE83A005BD333 /* Serializable.cpp in Sources */,
			);
			runOnlyForDeploymentPostprocessing = 0;
		};
		D1522F18140F79500012F290 /* Sources */ = {
			isa = PBXSourcesBuildPhase;
			buildActionMask = 2147483647;
			files = (
				C9C04D1014BAE83A005BD333 /* liteser.cpp in Sources */,
				C9C04D1214BAE83A005BD333 /* Serializable.cpp in Sources */,
			);
			runOnlyForDeploymentPostprocessing = 0;
		};
/* End PBXSourcesBuildPhase section */

/* Begin XCBuildConfiguration section */
		1DEB91AE08733DA50010E9CD /* Debug */ = {
			isa = XCBuildConfiguration;
			buildSettings = {
				ALWAYS_SEARCH_USER_PATHS = NO;
				ARCHS = "$(ARCHS_STANDARD_32_BIT)";
				COPY_PHASE_STRIP = NO;
				DEPLOYMENT_LOCATION = YES;
				DSTROOT = /;
				DYLIB_COMPATIBILITY_VERSION = 1;
				DYLIB_CURRENT_VERSION = 1;
				FRAMEWORK_VERSION = A;
				GCC_DYNAMIC_NO_PIC = NO;
				GCC_MODEL_TUNING = G5;
				GCC_OPTIMIZATION_LEVEL = 0;
				GCC_VERSION = com.apple.compilers.llvmgcc42;
				INFOPLIST_FILE = Info.plist;
				LD_DYLIB_INSTALL_NAME = "@executable_path/../Frameworks/$(EXECUTABLE_PATH)";
				MACOSX_DEPLOYMENT_TARGET = 10.4;
				ONLY_ACTIVE_ARCH = YES;
				PRODUCT_NAME = liteser;
				SDKROOT = macosx;
				SKIP_INSTALL = YES;
				VALID_ARCHS = "i386 x86_64 ppc";
				WRAPPER_EXTENSION = framework;
			};
			name = Debug;
		};
		1DEB91AF08733DA50010E9CD /* Release */ = {
			isa = XCBuildConfiguration;
			buildSettings = {
				ALWAYS_SEARCH_USER_PATHS = NO;
				ARCHS = "$(ARCHS_STANDARD_32_BIT)";
				DEBUG_INFORMATION_FORMAT = dwarf;
				DEPLOYMENT_LOCATION = YES;
				DSTROOT = /;
				DYLIB_COMPATIBILITY_VERSION = 1;
				DYLIB_CURRENT_VERSION = 1;
				FRAMEWORK_VERSION = A;
				GCC_MODEL_TUNING = G5;
				GCC_VERSION = com.apple.compilers.llvmgcc42;
				INFOPLIST_FILE = Info.plist;
				LD_DYLIB_INSTALL_NAME = "@executable_path/../Frameworks/$(EXECUTABLE_PATH)";
				MACOSX_DEPLOYMENT_TARGET = 10.4;
				ONLY_ACTIVE_ARCH = NO;
				PRODUCT_NAME = liteser;
				SDKROOT = macosx;
				SKIP_INSTALL = YES;
				VALID_ARCHS = "i386 x86_64 ppc";
				WRAPPER_EXTENSION = framework;
			};
			name = Release;
		};
		1DEB91B208733DA50010E9CD /* Debug */ = {
			isa = XCBuildConfiguration;
			buildSettings = {
				ARCHS = "$(ARCHS_STANDARD_32_BIT)";
				GCC_C_LANGUAGE_STANDARD = gnu99;
				GCC_OPTIMIZATION_LEVEL = 0;
				GCC_VERSION = 4.0;
				GCC_WARN_ABOUT_RETURN_TYPE = YES;
				GCC_WARN_UNUSED_VARIABLE = YES;
				HEADER_SEARCH_PATHS = (
					"${SRCROOT}/../hltypes/include",
					"${SRCROOT}/include",
				);
				ONLY_ACTIVE_ARCH = YES;
				PRODUCT_NAME = liteser;
				SDKROOT = macosx10.4;
			};
			name = Debug;
		};
		1DEB91B308733DA50010E9CD /* Release */ = {
			isa = XCBuildConfiguration;
			buildSettings = {
				ARCHS = "$(ARCHS_STANDARD_32_BIT)";
				GCC_C_LANGUAGE_STANDARD = gnu99;
				GCC_VERSION = 4.0;
				GCC_WARN_ABOUT_RETURN_TYPE = YES;
				GCC_WARN_UNUSED_VARIABLE = YES;
				HEADER_SEARCH_PATHS = (
					"${SRCROOT}/../hltypes/include",
					"${SRCROOT}/include",
				);
				PRODUCT_NAME = liteser;
				SDKROOT = macosx10.4;
			};
			name = Release;
		};
		7F7A5614129D436D00E0ED12 /* App Store */ = {
			isa = XCBuildConfiguration;
			buildSettings = {
				ARCHS = i386;
				GCC_C_LANGUAGE_STANDARD = gnu99;
				GCC_VERSION = 4.2;
				GCC_WARN_ABOUT_RETURN_TYPE = YES;
				GCC_WARN_UNUSED_VARIABLE = YES;
				HEADER_SEARCH_PATHS = (
					"${SRCROOT}/../hltypes/include",
					"${SRCROOT}/include",
				);
				PRODUCT_NAME = liteser;
				SDKROOT = macosx10.6;
			};
			name = "App Store";
		};
		7F7A5615129D436D00E0ED12 /* App Store */ = {
			isa = XCBuildConfiguration;
			buildSettings = {
				ALWAYS_SEARCH_USER_PATHS = NO;
				ARCHS = "$(ARCHS_STANDARD_32_BIT)";
				DEBUG_INFORMATION_FORMAT = dwarf;
				DEPLOYMENT_LOCATION = YES;
				DSTROOT = /;
				DYLIB_COMPATIBILITY_VERSION = 1;
				DYLIB_CURRENT_VERSION = 1;
				FRAMEWORK_VERSION = A;
				GCC_MODEL_TUNING = G5;
				GCC_VERSION = com.apple.compilers.llvmgcc42;
				INFOPLIST_FILE = Info.plist;
				LD_DYLIB_INSTALL_NAME = "@executable_path/../Frameworks/$(EXECUTABLE_PATH)";
				MACOSX_DEPLOYMENT_TARGET = 10.4;
				PRODUCT_NAME = liteser;
				SDKROOT = macosx;
				SKIP_INSTALL = YES;
				VALID_ARCHS = "i386 x86_64 ppc";
				WRAPPER_EXTENSION = framework;
			};
			name = "App Store";
		};
		C9160585132AE60400914FFC /* Debug-LLVM */ = {
			isa = XCBuildConfiguration;
			buildSettings = {
				ARCHS = "$(ARCHS_STANDARD_32_BIT)";
				GCC_C_LANGUAGE_STANDARD = gnu99;
				GCC_OPTIMIZATION_LEVEL = 0;
				GCC_VERSION = 4.0;
				GCC_WARN_ABOUT_RETURN_TYPE = YES;
				GCC_WARN_UNUSED_VARIABLE = YES;
				HEADER_SEARCH_PATHS = (
					"${SRCROOT}/../hltypes/include",
					"${SRCROOT}/include",
				);
				ONLY_ACTIVE_ARCH = YES;
				PRODUCT_NAME = liteser;
				SDKROOT = macosx10.4;
			};
			name = "Debug-LLVM";
		};
		C9160586132AE60400914FFC /* Debug-LLVM */ = {
			isa = XCBuildConfiguration;
			buildSettings = {
				ALWAYS_SEARCH_USER_PATHS = NO;
				ARCHS = "$(ARCHS_STANDARD_32_BIT)";
				COPY_PHASE_STRIP = NO;
				DEPLOYMENT_LOCATION = YES;
				DSTROOT = /;
				DYLIB_COMPATIBILITY_VERSION = 1;
				DYLIB_CURRENT_VERSION = 1;
				FRAMEWORK_VERSION = A;
				GCC_DYNAMIC_NO_PIC = NO;
				GCC_MODEL_TUNING = G5;
				GCC_OPTIMIZATION_LEVEL = 0;
				GCC_VERSION = "";
				INFOPLIST_FILE = Info.plist;
				LD_DYLIB_INSTALL_NAME = "@executable_path/../Frameworks/$(EXECUTABLE_PATH)";
				MACOSX_DEPLOYMENT_TARGET = 10.4;
				PRODUCT_NAME = liteser;
				SDKROOT = macosx;
				SKIP_INSTALL = YES;
				VALID_ARCHS = "i386 x86_64 ppc";
				WRAPPER_EXTENSION = framework;
			};
			name = "Debug-LLVM";
		};
		C9160587132AE61000914FFC /* Release-LLVM */ = {
			isa = XCBuildConfiguration;
			buildSettings = {
				ARCHS = "$(ARCHS_STANDARD_32_BIT)";
				GCC_C_LANGUAGE_STANDARD = gnu99;
				GCC_VERSION = 4.0;
				GCC_WARN_ABOUT_RETURN_TYPE = YES;
				GCC_WARN_UNUSED_VARIABLE = YES;
				HEADER_SEARCH_PATHS = (
					"${SRCROOT}/../hltypes/include",
					"${SRCROOT}/include",
				);
				PRODUCT_NAME = liteser;
				SDKROOT = macosx10.4;
			};
			name = "Release-LLVM";
		};
		C9160588132AE61000914FFC /* Release-LLVM */ = {
			isa = XCBuildConfiguration;
			buildSettings = {
				ALWAYS_SEARCH_USER_PATHS = NO;
				ARCHS = "$(ARCHS_STANDARD_32_BIT)";
				DEBUG_INFORMATION_FORMAT = dwarf;
				DEPLOYMENT_LOCATION = YES;
				DSTROOT = /;
				DYLIB_COMPATIBILITY_VERSION = 1;
				DYLIB_CURRENT_VERSION = 1;
				FRAMEWORK_VERSION = A;
				GCC_MODEL_TUNING = G5;
				GCC_VERSION = "";
				INFOPLIST_FILE = Info.plist;
				LD_DYLIB_INSTALL_NAME = "@executable_path/../Frameworks/$(EXECUTABLE_PATH)";
				MACOSX_DEPLOYMENT_TARGET = 10.4;
				PRODUCT_NAME = liteser;
				SDKROOT = macosx;
				SKIP_INSTALL = YES;
				VALID_ARCHS = "i386 x86_64 ppc";
				WRAPPER_EXTENSION = framework;
			};
			name = "Release-LLVM";
		};
		D1522F26140F79500012F290 /* Debug */ = {
			isa = XCBuildConfiguration;
			buildSettings = {
				ALWAYS_SEARCH_USER_PATHS = NO;
				ARCHS = (
					armv6,
					armv7,
				);
				COPY_PHASE_STRIP = NO;
				DSTROOT = /tmp/libliteser_ios.dst;
				FRAMEWORK_SEARCH_PATHS = (
					"$(inherited)",
					"\"$(DEVELOPER_FRAMEWORKS_DIR)\"",
				);
				GCC_DYNAMIC_NO_PIC = NO;
				GCC_OPTIMIZATION_LEVEL = 0;
				GCC_PRECOMPILE_PREFIX_HEADER = YES;
				GCC_PREFIX_HEADER = "";
				GCC_PREPROCESSOR_DEFINITIONS = (
					"DEBUG=1",
					"$(inherited)",
				);
				GCC_SYMBOLS_PRIVATE_EXTERN = NO;
				GCC_THUMB_SUPPORT = NO;
				GCC_VERSION = com.apple.compilers.llvmgcc42;
				GCC_WARN_ABOUT_MISSING_PROTOTYPES = YES;
				IPHONEOS_DEPLOYMENT_TARGET = 3.0;
				OTHER_LDFLAGS = "-ObjC";
				PRODUCT_NAME = liteser;
				SDKROOT = iphoneos;
				SKIP_INSTALL = YES;
			};
			name = Debug;
		};
		D1522F27140F79500012F290 /* Debug-LLVM */ = {
			isa = XCBuildConfiguration;
			buildSettings = {
				ALWAYS_SEARCH_USER_PATHS = NO;
				ARCHS = (
					armv6,
					armv7,
				);
				COPY_PHASE_STRIP = NO;
				DSTROOT = /tmp/libliteser_ios.dst;
				FRAMEWORK_SEARCH_PATHS = (
					"$(inherited)",
					"\"$(DEVELOPER_FRAMEWORKS_DIR)\"",
				);
				GCC_DYNAMIC_NO_PIC = NO;
				GCC_OPTIMIZATION_LEVEL = 0;
				GCC_PRECOMPILE_PREFIX_HEADER = YES;
				GCC_PREFIX_HEADER = "";
				GCC_PREPROCESSOR_DEFINITIONS = (
					"DEBUG=1",
					"$(inherited)",
				);
				GCC_SYMBOLS_PRIVATE_EXTERN = NO;
				GCC_THUMB_SUPPORT = NO;
				GCC_VERSION = "";
				GCC_WARN_ABOUT_MISSING_PROTOTYPES = YES;
				IPHONEOS_DEPLOYMENT_TARGET = 3.0;
				OTHER_LDFLAGS = "-ObjC";
				PRODUCT_NAME = liteser;
				SDKROOT = iphoneos;
				SKIP_INSTALL = YES;
			};
			name = "Debug-LLVM";
		};
		D1522F28140F79500012F290 /* Release */ = {
			isa = XCBuildConfiguration;
			buildSettings = {
				ALWAYS_SEARCH_USER_PATHS = NO;
				ARCHS = (
					armv6,
					armv7,
				);
				COPY_PHASE_STRIP = YES;
				DSTROOT = /tmp/libliteser_ios.dst;
				FRAMEWORK_SEARCH_PATHS = (
					"$(inherited)",
					"\"$(DEVELOPER_FRAMEWORKS_DIR)\"",
				);
				GCC_OPTIMIZATION_LEVEL = 0;
				GCC_PRECOMPILE_PREFIX_HEADER = YES;
				GCC_PREFIX_HEADER = "";
				GCC_THUMB_SUPPORT = NO;
				GCC_VERSION = com.apple.compilers.llvmgcc42;
				GCC_WARN_ABOUT_MISSING_PROTOTYPES = YES;
				IPHONEOS_DEPLOYMENT_TARGET = 3.0;
				OTHER_LDFLAGS = "-ObjC";
				PRODUCT_NAME = liteser;
				SDKROOT = iphoneos;
				SKIP_INSTALL = YES;
				VALIDATE_PRODUCT = YES;
			};
			name = Release;
		};
		D1522F29140F79500012F290 /* Release-LLVM */ = {
			isa = XCBuildConfiguration;
			buildSettings = {
				ALWAYS_SEARCH_USER_PATHS = NO;
				ARCHS = (
					armv6,
					armv7,
				);
				COPY_PHASE_STRIP = YES;
				DSTROOT = /tmp/libliteser_ios.dst;
				FRAMEWORK_SEARCH_PATHS = (
					"$(inherited)",
					"\"$(DEVELOPER_FRAMEWORKS_DIR)\"",
				);
				GCC_OPTIMIZATION_LEVEL = 0;
				GCC_PRECOMPILE_PREFIX_HEADER = YES;
				GCC_PREFIX_HEADER = "";
				GCC_THUMB_SUPPORT = NO;
				GCC_VERSION = "";
				GCC_WARN_ABOUT_MISSING_PROTOTYPES = YES;
				IPHONEOS_DEPLOYMENT_TARGET = 3.0;
				OTHER_LDFLAGS = "-ObjC";
				PRODUCT_NAME = liteser;
				SDKROOT = iphoneos;
				SKIP_INSTALL = YES;
				VALIDATE_PRODUCT = YES;
			};
			name = "Release-LLVM";
		};
		D1522F2A140F79500012F290 /* App Store */ = {
			isa = XCBuildConfiguration;
			buildSettings = {
				ALWAYS_SEARCH_USER_PATHS = NO;
				ARCHS = (
					armv6,
					armv7,
				);
				COPY_PHASE_STRIP = YES;
				DSTROOT = /tmp/libliteser_ios.dst;
				FRAMEWORK_SEARCH_PATHS = (
					"$(inherited)",
					"\"$(DEVELOPER_FRAMEWORKS_DIR)\"",
				);
				GCC_OPTIMIZATION_LEVEL = 0;
				GCC_PRECOMPILE_PREFIX_HEADER = YES;
				GCC_PREFIX_HEADER = "";
				GCC_THUMB_SUPPORT = NO;
				GCC_VERSION = com.apple.compilers.llvmgcc42;
				GCC_WARN_ABOUT_MISSING_PROTOTYPES = YES;
				IPHONEOS_DEPLOYMENT_TARGET = 3.0;
				OTHER_LDFLAGS = "-ObjC";
				PRODUCT_NAME = liteser;
				SDKROOT = iphoneos;
				SKIP_INSTALL = YES;
				VALIDATE_PRODUCT = YES;
			};
			name = "App Store";
		};
/* End XCBuildConfiguration section */

/* Begin XCConfigurationList section */
		1DEB91AD08733DA50010E9CD /* Build configuration list for PBXNativeTarget "libliteser" */ = {
			isa = XCConfigurationList;
			buildConfigurations = (
				1DEB91AE08733DA50010E9CD /* Debug */,
				C9160586132AE60400914FFC /* Debug-LLVM */,
				1DEB91AF08733DA50010E9CD /* Release */,
				C9160588132AE61000914FFC /* Release-LLVM */,
				7F7A5615129D436D00E0ED12 /* App Store */,
			);
			defaultConfigurationIsVisible = 0;
			defaultConfigurationName = Release;
		};
		1DEB91B108733DA50010E9CD /* Build configuration list for PBXProject "libliteser" */ = {
			isa = XCConfigurationList;
			buildConfigurations = (
				1DEB91B208733DA50010E9CD /* Debug */,
				C9160585132AE60400914FFC /* Debug-LLVM */,
				1DEB91B308733DA50010E9CD /* Release */,
				C9160587132AE61000914FFC /* Release-LLVM */,
				7F7A5614129D436D00E0ED12 /* App Store */,
			);
			defaultConfigurationIsVisible = 0;
			defaultConfigurationName = Release;
		};
		D1522F2B140F79500012F290 /* Build configuration list for PBXNativeTarget "libliteser-ios" */ = {
			isa = XCConfigurationList;
			buildConfigurations = (
				D1522F26140F79500012F290 /* Debug */,
				D1522F27140F79500012F290 /* Debug-LLVM */,
				D1522F28140F79500012F290 /* Release */,
				D1522F29140F79500012F290 /* Release-LLVM */,
				D1522F2A140F79500012F290 /* App Store */,
			);
			defaultConfigurationIsVisible = 0;
			defaultConfigurationName = Release;
		};
/* End XCConfigurationList section */
	};
	rootObject = 0867D690FE84028FC02AAC07 /* Project object */;
}
