// !$*UTF8*$!
{
	archiveVersion = 1;
	classes = {
	};
	objectVersion = 46;
	objects = {

/* Begin PBXBuildFile section */
		84AFA9091E39361800A332C0 /* Header.cpp in Sources */ = {isa = PBXBuildFile; fileRef = 84AFA9081E39361800A332C0 /* Header.cpp */; };
		84AFA90B1E39362600A332C0 /* Header.h in Headers */ = {isa = PBXBuildFile; fileRef = 84AFA90A1E39362600A332C0 /* Header.h */; };
		B44EE8961E3F688900FEC65B /* Header.cpp in Sources */ = {isa = PBXBuildFile; fileRef = 84AFA9081E39361800A332C0 /* Header.cpp */; };
		B44EE8971E3F688900FEC65B /* Header.cpp in Sources */ = {isa = PBXBuildFile; fileRef = 84AFA9081E39361800A332C0 /* Header.cpp */; };
		B4B745EC1BECBC460097AD86 /* DeserializeXml.cpp in Sources */ = {isa = PBXBuildFile; fileRef = B4B745E81BECBC460097AD86 /* DeserializeXml.cpp */; };
		B4B745ED1BECBC460097AD86 /* DeserializeXml.h in Headers */ = {isa = PBXBuildFile; fileRef = B4B745E91BECBC460097AD86 /* DeserializeXml.h */; };
		B4B745EE1BECBC460097AD86 /* SerializeXml.cpp in Sources */ = {isa = PBXBuildFile; fileRef = B4B745EA1BECBC460097AD86 /* SerializeXml.cpp */; };
		B4B745EF1BECBC460097AD86 /* SerializeXml.h in Headers */ = {isa = PBXBuildFile; fileRef = B4B745EB1BECBC460097AD86 /* SerializeXml.h */; };
		B4B745F01BECBC650097AD86 /* DeserializeXml.cpp in Sources */ = {isa = PBXBuildFile; fileRef = B4B745E81BECBC460097AD86 /* DeserializeXml.cpp */; };
		B4B745F11BECBC650097AD86 /* SerializeXml.cpp in Sources */ = {isa = PBXBuildFile; fileRef = B4B745EA1BECBC460097AD86 /* SerializeXml.cpp */; };
		B4B745F21BECBC660097AD86 /* DeserializeXml.cpp in Sources */ = {isa = PBXBuildFile; fileRef = B4B745E81BECBC460097AD86 /* DeserializeXml.cpp */; };
		B4B745F31BECBC660097AD86 /* SerializeXml.cpp in Sources */ = {isa = PBXBuildFile; fileRef = B4B745EA1BECBC460097AD86 /* SerializeXml.cpp */; };
		C9C04D3E14BAEA01005BD333 /* hltypes.framework in Frameworks */ = {isa = PBXBuildFile; fileRef = C9C04D3D14BAEA01005BD333 /* hltypes.framework */; };
		D16D2E6B177864E7005DD948 /* gtypes.framework in Frameworks */ = {isa = PBXBuildFile; fileRef = D16D2E6A177864E7005DD948 /* gtypes.framework */; };
		D19C923E1778567000A4BDF4 /* Deserialize.cpp in Sources */ = {isa = PBXBuildFile; fileRef = D19C92331778567000A4BDF4 /* Deserialize.cpp */; };
		D19C923F1778567000A4BDF4 /* Deserialize.cpp in Sources */ = {isa = PBXBuildFile; fileRef = D19C92331778567000A4BDF4 /* Deserialize.cpp */; };
		D19C92401778567000A4BDF4 /* Deserialize.h in Headers */ = {isa = PBXBuildFile; fileRef = D19C92341778567000A4BDF4 /* Deserialize.h */; };
		D19C92411778567000A4BDF4 /* Factory.cpp in Sources */ = {isa = PBXBuildFile; fileRef = D19C92351778567000A4BDF4 /* Factory.cpp */; };
		D19C92421778567000A4BDF4 /* Factory.cpp in Sources */ = {isa = PBXBuildFile; fileRef = D19C92351778567000A4BDF4 /* Factory.cpp */; };
		D19C92431778567000A4BDF4 /* liteser.cpp in Sources */ = {isa = PBXBuildFile; fileRef = D19C92361778567000A4BDF4 /* liteser.cpp */; };
		D19C92441778567000A4BDF4 /* liteser.cpp in Sources */ = {isa = PBXBuildFile; fileRef = D19C92361778567000A4BDF4 /* liteser.cpp */; };
		D19C92451778567000A4BDF4 /* Serializable.cpp in Sources */ = {isa = PBXBuildFile; fileRef = D19C92371778567000A4BDF4 /* Serializable.cpp */; };
		D19C92461778567000A4BDF4 /* Serializable.cpp in Sources */ = {isa = PBXBuildFile; fileRef = D19C92371778567000A4BDF4 /* Serializable.cpp */; };
		D19C92471778567000A4BDF4 /* Serialize.cpp in Sources */ = {isa = PBXBuildFile; fileRef = D19C92381778567000A4BDF4 /* Serialize.cpp */; };
		D19C92481778567000A4BDF4 /* Serialize.cpp in Sources */ = {isa = PBXBuildFile; fileRef = D19C92381778567000A4BDF4 /* Serialize.cpp */; };
		D19C92491778567000A4BDF4 /* Serialize.h in Headers */ = {isa = PBXBuildFile; fileRef = D19C92391778567000A4BDF4 /* Serialize.h */; };
		D19C924A1778567000A4BDF4 /* Type.cpp in Sources */ = {isa = PBXBuildFile; fileRef = D19C923A1778567000A4BDF4 /* Type.cpp */; };
		D19C924B1778567000A4BDF4 /* Type.cpp in Sources */ = {isa = PBXBuildFile; fileRef = D19C923A1778567000A4BDF4 /* Type.cpp */; };
		D19C924C1778567000A4BDF4 /* Utility.cpp in Sources */ = {isa = PBXBuildFile; fileRef = D19C923B1778567000A4BDF4 /* Utility.cpp */; };
		D19C924D1778567000A4BDF4 /* Utility.cpp in Sources */ = {isa = PBXBuildFile; fileRef = D19C923B1778567000A4BDF4 /* Utility.cpp */; };
		D19C924E1778567000A4BDF4 /* Utility.h in Headers */ = {isa = PBXBuildFile; fileRef = D19C923C1778567000A4BDF4 /* Utility.h */; };
		D19C924F1778567000A4BDF4 /* Variable.cpp in Sources */ = {isa = PBXBuildFile; fileRef = D19C923D1778567000A4BDF4 /* Variable.cpp */; };
		D19C92501778567000A4BDF4 /* Variable.cpp in Sources */ = {isa = PBXBuildFile; fileRef = D19C923D1778567000A4BDF4 /* Variable.cpp */; };
		D19C92591778567E00A4BDF4 /* Factory.h in Headers */ = {isa = PBXBuildFile; fileRef = D19C92511778567E00A4BDF4 /* Factory.h */; settings = {ATTRIBUTES = (Public, ); }; };
		D19C925A1778567E00A4BDF4 /* liteser.h in Headers */ = {isa = PBXBuildFile; fileRef = D19C92521778567E00A4BDF4 /* liteser.h */; settings = {ATTRIBUTES = (Public, ); }; };
		D19C925B1778567E00A4BDF4 /* liteserExport.h in Headers */ = {isa = PBXBuildFile; fileRef = D19C92531778567E00A4BDF4 /* liteserExport.h */; settings = {ATTRIBUTES = (Public, ); }; };
		D19C925C1778567E00A4BDF4 /* macros.h in Headers */ = {isa = PBXBuildFile; fileRef = D19C92541778567E00A4BDF4 /* macros.h */; settings = {ATTRIBUTES = (Public, ); }; };
		D19C925D1778567E00A4BDF4 /* Ptr.h in Headers */ = {isa = PBXBuildFile; fileRef = D19C92551778567E00A4BDF4 /* Ptr.h */; settings = {ATTRIBUTES = (Public, ); }; };
		D19C925E1778567E00A4BDF4 /* Serializable.h in Headers */ = {isa = PBXBuildFile; fileRef = D19C92561778567E00A4BDF4 /* Serializable.h */; settings = {ATTRIBUTES = (Public, ); }; };
		D19C925F1778567E00A4BDF4 /* Type.h in Headers */ = {isa = PBXBuildFile; fileRef = D19C92571778567E00A4BDF4 /* Type.h */; settings = {ATTRIBUTES = (Public, ); }; };
		D19C92601778567E00A4BDF4 /* Variable.h in Headers */ = {isa = PBXBuildFile; fileRef = D19C92581778567E00A4BDF4 /* Variable.h */; settings = {ATTRIBUTES = (Public, ); }; };
		D1E1AD7D1961654600001F36 /* liteser.cpp in Sources */ = {isa = PBXBuildFile; fileRef = D19C92361778567000A4BDF4 /* liteser.cpp */; };
		D1E1AD7E1961654600001F36 /* Deserialize.cpp in Sources */ = {isa = PBXBuildFile; fileRef = D19C92331778567000A4BDF4 /* Deserialize.cpp */; };
		D1E1AD7F1961654600001F36 /* Factory.cpp in Sources */ = {isa = PBXBuildFile; fileRef = D19C92351778567000A4BDF4 /* Factory.cpp */; };
		D1E1AD801961654600001F36 /* Serializable.cpp in Sources */ = {isa = PBXBuildFile; fileRef = D19C92371778567000A4BDF4 /* Serializable.cpp */; };
		D1E1AD811961654600001F36 /* Serialize.cpp in Sources */ = {isa = PBXBuildFile; fileRef = D19C92381778567000A4BDF4 /* Serialize.cpp */; };
		D1E1AD821961654600001F36 /* Type.cpp in Sources */ = {isa = PBXBuildFile; fileRef = D19C923A1778567000A4BDF4 /* Type.cpp */; };
		D1E1AD831961654600001F36 /* Utility.cpp in Sources */ = {isa = PBXBuildFile; fileRef = D19C923B1778567000A4BDF4 /* Utility.cpp */; };
		D1E1AD841961654600001F36 /* Variable.cpp in Sources */ = {isa = PBXBuildFile; fileRef = D19C923D1778567000A4BDF4 /* Variable.cpp */; };
/* End PBXBuildFile section */

/* Begin PBXFileReference section */
		84AFA9081E39361800A332C0 /* Header.cpp */ = {isa = PBXFileReference; fileEncoding = 4; lastKnownFileType = sourcecode.cpp.cpp; name = Header.cpp; path = src/Header.cpp; sourceTree = "<group>"; };
		84AFA90A1E39362600A332C0 /* Header.h */ = {isa = PBXFileReference; fileEncoding = 4; lastKnownFileType = sourcecode.c.h; name = Header.h; path = include/liteser/Header.h; sourceTree = "<group>"; };
		8DC2EF5A0486A6940098B216 /* Info.plist */ = {isa = PBXFileReference; fileEncoding = 4; lastKnownFileType = text.plist.xml; path = Info.plist; sourceTree = "<group>"; };
		A16AB33B18DCCB7700B78CD1 /* iOS.xcconfig */ = {isa = PBXFileReference; lastKnownFileType = text.xcconfig; name = iOS.xcconfig; path = xcconfig/iOS.xcconfig; sourceTree = "<group>"; };
		A16AB33C18DCCD1500B78CD1 /* Mac.xcconfig */ = {isa = PBXFileReference; lastKnownFileType = text.xcconfig; name = Mac.xcconfig; path = xcconfig/Mac.xcconfig; sourceTree = "<group>"; };
		B40183E71BA976AF007314AC /* libliteser.a */ = {isa = PBXFileReference; explicitFileType = archive.ar; includeInIndex = 0; path = libliteser.a; sourceTree = BUILT_PRODUCTS_DIR; };
		B4B745E81BECBC460097AD86 /* DeserializeXml.cpp */ = {isa = PBXFileReference; fileEncoding = 4; lastKnownFileType = sourcecode.cpp.cpp; name = DeserializeXml.cpp; path = src/DeserializeXml.cpp; sourceTree = "<group>"; };
		B4B745E91BECBC460097AD86 /* DeserializeXml.h */ = {isa = PBXFileReference; fileEncoding = 4; lastKnownFileType = sourcecode.c.h; name = DeserializeXml.h; path = src/DeserializeXml.h; sourceTree = "<group>"; };
		B4B745EA1BECBC460097AD86 /* SerializeXml.cpp */ = {isa = PBXFileReference; fileEncoding = 4; lastKnownFileType = sourcecode.cpp.cpp; name = SerializeXml.cpp; path = src/SerializeXml.cpp; sourceTree = "<group>"; };
		B4B745EB1BECBC460097AD86 /* SerializeXml.h */ = {isa = PBXFileReference; fileEncoding = 4; lastKnownFileType = sourcecode.c.h; name = SerializeXml.h; path = src/SerializeXml.h; sourceTree = "<group>"; };
		C9C04D3D14BAEA01005BD333 /* hltypes.framework */ = {isa = PBXFileReference; lastKnownFileType = wrapper.framework; name = hltypes.framework; path = "../../__build__/pharaoh/Build/Products/Debug-LLVM/hltypes.framework"; sourceTree = "<group>"; };
		C9C04D7314BAEB2A005BD333 /* liteser.framework */ = {isa = PBXFileReference; explicitFileType = wrapper.framework; includeInIndex = 0; path = liteser.framework; sourceTree = BUILT_PRODUCTS_DIR; };
		C9C04D7414BAEB2A005BD333 /* libliteser.a */ = {isa = PBXFileReference; explicitFileType = archive.ar; includeInIndex = 0; path = libliteser.a; sourceTree = BUILT_PRODUCTS_DIR; };
		D16D2E6A177864E7005DD948 /* gtypes.framework */ = {isa = PBXFileReference; lastKnownFileType = wrapper.framework; name = gtypes.framework; path = "../../__build__/products/Debug-LLVM/gtypes.framework"; sourceTree = "<group>"; };
		D19C92331778567000A4BDF4 /* Deserialize.cpp */ = {isa = PBXFileReference; fileEncoding = 4; lastKnownFileType = sourcecode.cpp.cpp; name = Deserialize.cpp; path = src/Deserialize.cpp; sourceTree = "<group>"; };
		D19C92341778567000A4BDF4 /* Deserialize.h */ = {isa = PBXFileReference; fileEncoding = 4; lastKnownFileType = sourcecode.c.h; name = Deserialize.h; path = src/Deserialize.h; sourceTree = "<group>"; };
		D19C92351778567000A4BDF4 /* Factory.cpp */ = {isa = PBXFileReference; fileEncoding = 4; lastKnownFileType = sourcecode.cpp.cpp; name = Factory.cpp; path = src/Factory.cpp; sourceTree = "<group>"; };
		D19C92361778567000A4BDF4 /* liteser.cpp */ = {isa = PBXFileReference; fileEncoding = 4; lastKnownFileType = sourcecode.cpp.cpp; name = liteser.cpp; path = src/liteser.cpp; sourceTree = "<group>"; };
		D19C92371778567000A4BDF4 /* Serializable.cpp */ = {isa = PBXFileReference; fileEncoding = 4; lastKnownFileType = sourcecode.cpp.cpp; name = Serializable.cpp; path = src/Serializable.cpp; sourceTree = "<group>"; };
		D19C92381778567000A4BDF4 /* Serialize.cpp */ = {isa = PBXFileReference; fileEncoding = 4; lastKnownFileType = sourcecode.cpp.cpp; name = Serialize.cpp; path = src/Serialize.cpp; sourceTree = "<group>"; };
		D19C92391778567000A4BDF4 /* Serialize.h */ = {isa = PBXFileReference; fileEncoding = 4; lastKnownFileType = sourcecode.c.h; name = Serialize.h; path = src/Serialize.h; sourceTree = "<group>"; };
		D19C923A1778567000A4BDF4 /* Type.cpp */ = {isa = PBXFileReference; fileEncoding = 4; lastKnownFileType = sourcecode.cpp.cpp; name = Type.cpp; path = src/Type.cpp; sourceTree = "<group>"; };
		D19C923B1778567000A4BDF4 /* Utility.cpp */ = {isa = PBXFileReference; fileEncoding = 4; lastKnownFileType = sourcecode.cpp.cpp; name = Utility.cpp; path = src/Utility.cpp; sourceTree = "<group>"; };
		D19C923C1778567000A4BDF4 /* Utility.h */ = {isa = PBXFileReference; fileEncoding = 4; lastKnownFileType = sourcecode.c.h; name = Utility.h; path = src/Utility.h; sourceTree = "<group>"; };
		D19C923D1778567000A4BDF4 /* Variable.cpp */ = {isa = PBXFileReference; fileEncoding = 4; lastKnownFileType = sourcecode.cpp.cpp; name = Variable.cpp; path = src/Variable.cpp; sourceTree = "<group>"; };
		D19C92511778567E00A4BDF4 /* Factory.h */ = {isa = PBXFileReference; fileEncoding = 4; lastKnownFileType = sourcecode.c.h; name = Factory.h; path = include/liteser/Factory.h; sourceTree = "<group>"; };
		D19C92521778567E00A4BDF4 /* liteser.h */ = {isa = PBXFileReference; fileEncoding = 4; lastKnownFileType = sourcecode.c.h; name = liteser.h; path = include/liteser/liteser.h; sourceTree = "<group>"; };
		D19C92531778567E00A4BDF4 /* liteserExport.h */ = {isa = PBXFileReference; fileEncoding = 4; lastKnownFileType = sourcecode.c.h; name = liteserExport.h; path = include/liteser/liteserExport.h; sourceTree = "<group>"; };
		D19C92541778567E00A4BDF4 /* macros.h */ = {isa = PBXFileReference; fileEncoding = 4; lastKnownFileType = sourcecode.c.h; name = macros.h; path = include/liteser/macros.h; sourceTree = "<group>"; };
		D19C92551778567E00A4BDF4 /* Ptr.h */ = {isa = PBXFileReference; fileEncoding = 4; lastKnownFileType = sourcecode.c.h; name = Ptr.h; path = include/liteser/Ptr.h; sourceTree = "<group>"; };
		D19C92561778567E00A4BDF4 /* Serializable.h */ = {isa = PBXFileReference; fileEncoding = 4; lastKnownFileType = sourcecode.c.h; name = Serializable.h; path = include/liteser/Serializable.h; sourceTree = "<group>"; };
		D19C92571778567E00A4BDF4 /* Type.h */ = {isa = PBXFileReference; fileEncoding = 4; lastKnownFileType = sourcecode.c.h; name = Type.h; path = include/liteser/Type.h; sourceTree = "<group>"; };
		D19C92581778567E00A4BDF4 /* Variable.h */ = {isa = PBXFileReference; fileEncoding = 4; lastKnownFileType = sourcecode.c.h; name = Variable.h; path = include/liteser/Variable.h; sourceTree = "<group>"; };
/* End PBXFileReference section */

/* Begin PBXFrameworksBuildPhase section */
		8DC2EF560486A6940098B216 /* Frameworks */ = {
			isa = PBXFrameworksBuildPhase;
			buildActionMask = 2147483647;
			files = (
				D16D2E6B177864E7005DD948 /* gtypes.framework in Frameworks */,
				C9C04D3E14BAEA01005BD333 /* hltypes.framework in Frameworks */,
			);
			runOnlyForDeploymentPostprocessing = 0;
		};
/* End PBXFrameworksBuildPhase section */

/* Begin PBXGroup section */
		0867D691FE84028FC02AAC07 /* libliteser */ = {
			isa = PBXGroup;
			children = (
				D14D3811195D49F700BF8935 /* config */,
				7F42F6E811EB0E0600B1C1DF /* include */,
				7F42F6E711EB0E0200B1C1DF /* src */,
				C9C04DA114BAEB5F005BD333 /* Products */,
				C9C04D3F14BAEA26005BD333 /* Frameworks */,
				B40183E71BA976AF007314AC /* libliteser.a */,
			);
			name = libliteser;
			sourceTree = "<group>";
		};
		7F42F6E711EB0E0200B1C1DF /* src */ = {
			isa = PBXGroup;
			children = (
				84AFA9081E39361800A332C0 /* Header.cpp */,
				B4B745E81BECBC460097AD86 /* DeserializeXml.cpp */,
				B4B745E91BECBC460097AD86 /* DeserializeXml.h */,
				B4B745EA1BECBC460097AD86 /* SerializeXml.cpp */,
				B4B745EB1BECBC460097AD86 /* SerializeXml.h */,
				D19C92331778567000A4BDF4 /* Deserialize.cpp */,
				D19C92341778567000A4BDF4 /* Deserialize.h */,
				D19C92351778567000A4BDF4 /* Factory.cpp */,
				D19C92361778567000A4BDF4 /* liteser.cpp */,
				D19C92371778567000A4BDF4 /* Serializable.cpp */,
				D19C92381778567000A4BDF4 /* Serialize.cpp */,
				D19C92391778567000A4BDF4 /* Serialize.h */,
				D19C923A1778567000A4BDF4 /* Type.cpp */,
				D19C923B1778567000A4BDF4 /* Utility.cpp */,
				D19C923C1778567000A4BDF4 /* Utility.h */,
				D19C923D1778567000A4BDF4 /* Variable.cpp */,
			);
			name = src;
			sourceTree = "<group>";
		};
		7F42F6E811EB0E0600B1C1DF /* include */ = {
			isa = PBXGroup;
			children = (
				84AFA90A1E39362600A332C0 /* Header.h */,
				D19C92511778567E00A4BDF4 /* Factory.h */,
				D19C92521778567E00A4BDF4 /* liteser.h */,
				D19C92531778567E00A4BDF4 /* liteserExport.h */,
				D19C92541778567E00A4BDF4 /* macros.h */,
				D19C92551778567E00A4BDF4 /* Ptr.h */,
				D19C92561778567E00A4BDF4 /* Serializable.h */,
				D19C92571778567E00A4BDF4 /* Type.h */,
				D19C92581778567E00A4BDF4 /* Variable.h */,
			);
			name = include;
			sourceTree = "<group>";
		};
		C9C04D3F14BAEA26005BD333 /* Frameworks */ = {
			isa = PBXGroup;
			children = (
				D16D2E6A177864E7005DD948 /* gtypes.framework */,
				C9C04D3D14BAEA01005BD333 /* hltypes.framework */,
			);
			name = Frameworks;
			sourceTree = "<group>";
		};
		C9C04DA114BAEB5F005BD333 /* Products */ = {
			isa = PBXGroup;
			children = (
				C9C04D7414BAEB2A005BD333 /* libliteser.a */,
				C9C04D7314BAEB2A005BD333 /* liteser.framework */,
			);
			name = Products;
			sourceTree = "<group>";
		};
		D14D3811195D49F700BF8935 /* config */ = {
			isa = PBXGroup;
			children = (
				A16AB33B18DCCB7700B78CD1 /* iOS.xcconfig */,
				A16AB33C18DCCD1500B78CD1 /* Mac.xcconfig */,
				8DC2EF5A0486A6940098B216 /* Info.plist */,
			);
			name = config;
			sourceTree = "<group>";
		};
/* End PBXGroup section */

/* Begin PBXHeadersBuildPhase section */
		8DC2EF500486A6940098B216 /* Headers */ = {
			isa = PBXHeadersBuildPhase;
			buildActionMask = 2147483647;
			files = (
				D19C92591778567E00A4BDF4 /* Factory.h in Headers */,
				D19C925A1778567E00A4BDF4 /* liteser.h in Headers */,
				D19C925B1778567E00A4BDF4 /* liteserExport.h in Headers */,
				D19C925C1778567E00A4BDF4 /* macros.h in Headers */,
				D19C925D1778567E00A4BDF4 /* Ptr.h in Headers */,
				D19C925E1778567E00A4BDF4 /* Serializable.h in Headers */,
				B4B745EF1BECBC460097AD86 /* SerializeXml.h in Headers */,
				D19C925F1778567E00A4BDF4 /* Type.h in Headers */,
				84AFA90B1E39362600A332C0 /* Header.h in Headers */,
				B4B745ED1BECBC460097AD86 /* DeserializeXml.h in Headers */,
				D19C92601778567E00A4BDF4 /* Variable.h in Headers */,
				D19C92401778567000A4BDF4 /* Deserialize.h in Headers */,
				D19C92491778567000A4BDF4 /* Serialize.h in Headers */,
				D19C924E1778567000A4BDF4 /* Utility.h in Headers */,
			);
			runOnlyForDeploymentPostprocessing = 0;
		};
/* End PBXHeadersBuildPhase section */

/* Begin PBXNativeTarget section */
		8DC2EF4F0486A6940098B216 /* liteser */ = {
			isa = PBXNativeTarget;
			buildConfigurationList = 1DEB91AD08733DA50010E9CD /* Build configuration list for PBXNativeTarget "liteser" */;
			buildPhases = (
				8DC2EF540486A6940098B216 /* Sources */,
				8DC2EF560486A6940098B216 /* Frameworks */,
				8DC2EF500486A6940098B216 /* Headers */,
			);
			buildRules = (
			);
			dependencies = (
			);
			name = liteser;
			productInstallPath = "$(HOME)/Library/Frameworks";
			productName = libliteser;
			productReference = C9C04D7314BAEB2A005BD333 /* liteser.framework */;
			productType = "com.apple.product-type.framework";
		};
		D1522F1B140F79500012F290 /* liteser (iOS) */ = {
			isa = PBXNativeTarget;
			buildConfigurationList = D1522F2B140F79500012F290 /* Build configuration list for PBXNativeTarget "liteser (iOS)" */;
			buildPhases = (
				D1522F18140F79500012F290 /* Sources */,
			);
			buildRules = (
			);
			dependencies = (
			);
			name = "liteser (iOS)";
			productName = "libliteser-ios";
			productReference = C9C04D7414BAEB2A005BD333 /* libliteser.a */;
			productType = "com.apple.product-type.library.static";
		};
		D1E1AD7B1961654600001F36 /* liteser (Mac) */ = {
			isa = PBXNativeTarget;
			buildConfigurationList = D1E1AD851961654600001F36 /* Build configuration list for PBXNativeTarget "liteser (Mac)" */;
			buildPhases = (
				D1E1AD7C1961654600001F36 /* Sources */,
			);
			buildRules = (
			);
			dependencies = (
			);
			name = "liteser (Mac)";
			productName = "libliteser-ios";
			productReference = B40183E71BA976AF007314AC /* libliteser.a */;
			productType = "com.apple.product-type.library.static";
		};
/* End PBXNativeTarget section */

/* Begin PBXProject section */
		0867D690FE84028FC02AAC07 /* Project object */ = {
			isa = PBXProject;
			attributes = {
				LastUpgradeCheck = 1420;
			};
			buildConfigurationList = 1DEB91B108733DA50010E9CD /* Build configuration list for PBXProject "liteser" */;
			compatibilityVersion = "Xcode 3.2";
			developmentRegion = en;
			hasScannedForEncodings = 1;
			knownRegions = (
				en,
				Base,
			);
			mainGroup = 0867D691FE84028FC02AAC07 /* libliteser */;
			productRefGroup = 0867D691FE84028FC02AAC07 /* libliteser */;
			projectDirPath = "";
			projectRoot = "";
			targets = (
				8DC2EF4F0486A6940098B216 /* liteser */,
				D1522F1B140F79500012F290 /* liteser (iOS) */,
				D1E1AD7B1961654600001F36 /* liteser (Mac) */,
			);
		};
/* End PBXProject section */

/* Begin PBXSourcesBuildPhase section */
		8DC2EF540486A6940098B216 /* Sources */ = {
			isa = PBXSourcesBuildPhase;
			buildActionMask = 2147483647;
			files = (
				B4B745EE1BECBC460097AD86 /* SerializeXml.cpp in Sources */,
				D19C923E1778567000A4BDF4 /* Deserialize.cpp in Sources */,
				D19C92411778567000A4BDF4 /* Factory.cpp in Sources */,
				D19C92431778567000A4BDF4 /* liteser.cpp in Sources */,
				D19C92451778567000A4BDF4 /* Serializable.cpp in Sources */,
				D19C92471778567000A4BDF4 /* Serialize.cpp in Sources */,
				D19C924A1778567000A4BDF4 /* Type.cpp in Sources */,
				B4B745EC1BECBC460097AD86 /* DeserializeXml.cpp in Sources */,
				D19C924C1778567000A4BDF4 /* Utility.cpp in Sources */,
				D19C924F1778567000A4BDF4 /* Variable.cpp in Sources */,
				84AFA9091E39361800A332C0 /* Header.cpp in Sources */,
			);
			runOnlyForDeploymentPostprocessing = 0;
		};
		D1522F18140F79500012F290 /* Sources */ = {
			isa = PBXSourcesBuildPhase;
			buildActionMask = 2147483647;
			files = (
				B4B745F11BECBC650097AD86 /* SerializeXml.cpp in Sources */,
				D19C92441778567000A4BDF4 /* liteser.cpp in Sources */,
				D19C923F1778567000A4BDF4 /* Deserialize.cpp in Sources */,
				D19C92421778567000A4BDF4 /* Factory.cpp in Sources */,
				D19C92461778567000A4BDF4 /* Serializable.cpp in Sources */,
				D19C92481778567000A4BDF4 /* Serialize.cpp in Sources */,
				D19C924B1778567000A4BDF4 /* Type.cpp in Sources */,
				B4B745F01BECBC650097AD86 /* DeserializeXml.cpp in Sources */,
				D19C924D1778567000A4BDF4 /* Utility.cpp in Sources */,
				D19C92501778567000A4BDF4 /* Variable.cpp in Sources */,
				B44EE8961E3F688900FEC65B /* Header.cpp in Sources */,
			);
			runOnlyForDeploymentPostprocessing = 0;
		};
		D1E1AD7C1961654600001F36 /* Sources */ = {
			isa = PBXSourcesBuildPhase;
			buildActionMask = 2147483647;
			files = (
				B4B745F31BECBC660097AD86 /* SerializeXml.cpp in Sources */,
				D1E1AD7D1961654600001F36 /* liteser.cpp in Sources */,
				D1E1AD7E1961654600001F36 /* Deserialize.cpp in Sources */,
				D1E1AD7F1961654600001F36 /* Factory.cpp in Sources */,
				D1E1AD801961654600001F36 /* Serializable.cpp in Sources */,
				D1E1AD811961654600001F36 /* Serialize.cpp in Sources */,
				D1E1AD821961654600001F36 /* Type.cpp in Sources */,
				B4B745F21BECBC660097AD86 /* DeserializeXml.cpp in Sources */,
				D1E1AD831961654600001F36 /* Utility.cpp in Sources */,
				D1E1AD841961654600001F36 /* Variable.cpp in Sources */,
				B44EE8971E3F688900FEC65B /* Header.cpp in Sources */,
			);
			runOnlyForDeploymentPostprocessing = 0;
		};
/* End PBXSourcesBuildPhase section */

/* Begin XCBuildConfiguration section */
		7F7A5614129D436D00E0ED12 /* App Store */ = {
			isa = XCBuildConfiguration;
			buildSettings = {
				CLANG_ANALYZER_LOCALIZABILITY_NONLOCALIZED = YES;
				CLANG_WARN_BLOCK_CAPTURE_AUTORELEASING = YES;
				CLANG_WARN_BOOL_CONVERSION = YES;
				CLANG_WARN_COMMA = YES;
				CLANG_WARN_CONSTANT_CONVERSION = YES;
				CLANG_WARN_DEPRECATED_OBJC_IMPLEMENTATIONS = YES;
				CLANG_WARN_EMPTY_BODY = YES;
				CLANG_WARN_ENUM_CONVERSION = YES;
				CLANG_WARN_INFINITE_RECURSION = YES;
				CLANG_WARN_INT_CONVERSION = YES;
				CLANG_WARN_NON_LITERAL_NULL_CONVERSION = YES;
				CLANG_WARN_OBJC_IMPLICIT_RETAIN_SELF = YES;
				CLANG_WARN_OBJC_LITERAL_CONVERSION = YES;
				CLANG_WARN_QUOTED_INCLUDE_IN_FRAMEWORK_HEADER = YES;
				CLANG_WARN_RANGE_LOOP_ANALYSIS = YES;
				CLANG_WARN_STRICT_PROTOTYPES = YES;
				CLANG_WARN_SUSPICIOUS_MOVE = YES;
				CLANG_WARN_UNREACHABLE_CODE = YES;
				CLANG_WARN__DUPLICATE_METHOD_MATCH = YES;
				ENABLE_STRICT_OBJC_MSGSEND = YES;
				GCC_C_LANGUAGE_STANDARD = gnu99;
				GCC_NO_COMMON_BLOCKS = YES;
				GCC_WARN_64_TO_32_BIT_CONVERSION = YES;
				GCC_WARN_ABOUT_RETURN_TYPE = YES;
				GCC_WARN_CHECK_SWITCH_STATEMENTS = NO;
				GCC_WARN_UNDECLARED_SELECTOR = YES;
				GCC_WARN_UNINITIALIZED_AUTOS = YES;
				GCC_WARN_UNUSED_FUNCTION = YES;
				GCC_WARN_UNUSED_VALUE = NO;
				GCC_WARN_UNUSED_VARIABLE = NO;
				HEADER_SEARCH_PATHS = (
					"${SRCROOT}/../hltypes/include",
					"${SRCROOT}/../gtypes/include",
					"${SRCROOT}/include",
				);
				PRODUCT_NAME = liteser;
				SDKROOT = iphoneos;
			};
			name = "App Store";
		};
		7F7A5615129D436D00E0ED12 /* App Store */ = {
			isa = XCBuildConfiguration;
			baseConfigurationReference = A16AB33C18DCCD1500B78CD1 /* Mac.xcconfig */;
			buildSettings = {
				ALWAYS_SEARCH_USER_PATHS = NO;
				CLANG_ENABLE_OBJC_WEAK = YES;
				COMBINE_HIDPI_IMAGES = YES;
				DEAD_CODE_STRIPPING = YES;
				DEBUG_INFORMATION_FORMAT = dwarf;
				DSTROOT = /;
				DYLIB_COMPATIBILITY_VERSION = 1;
				DYLIB_CURRENT_VERSION = 1;
				FRAMEWORK_VERSION = A;
				GCC_MODEL_TUNING = G5;
				INFOPLIST_FILE = Info.plist;
				LD_DYLIB_INSTALL_NAME = "@executable_path/../Frameworks/$(EXECUTABLE_PATH)";
				MACOSX_DEPLOYMENT_TARGET = "$(RECOMMENDED_MACOSX_DEPLOYMENT_TARGET)";
				PRODUCT_BUNDLE_IDENTIFIER = "com.googlecode.${PRODUCT_NAME:rfc1034Identifier}";
				PRODUCT_NAME = liteser;
				SDKROOT = macosx;
				SKIP_INSTALL = YES;
				VALID_ARCHS = "i386 x86_64 ppc";
				WRAPPER_EXTENSION = framework;
			};
			name = "App Store";
		};
		C9160585132AE60400914FFC /* Debug */ = {
			isa = XCBuildConfiguration;
			buildSettings = {
				CLANG_ANALYZER_LOCALIZABILITY_NONLOCALIZED = YES;
				CLANG_WARN_BLOCK_CAPTURE_AUTORELEASING = YES;
				CLANG_WARN_BOOL_CONVERSION = YES;
				CLANG_WARN_COMMA = YES;
				CLANG_WARN_CONSTANT_CONVERSION = YES;
				CLANG_WARN_DEPRECATED_OBJC_IMPLEMENTATIONS = YES;
				CLANG_WARN_EMPTY_BODY = YES;
				CLANG_WARN_ENUM_CONVERSION = YES;
				CLANG_WARN_INFINITE_RECURSION = YES;
				CLANG_WARN_INT_CONVERSION = YES;
				CLANG_WARN_NON_LITERAL_NULL_CONVERSION = YES;
				CLANG_WARN_OBJC_IMPLICIT_RETAIN_SELF = YES;
				CLANG_WARN_OBJC_LITERAL_CONVERSION = YES;
				CLANG_WARN_QUOTED_INCLUDE_IN_FRAMEWORK_HEADER = YES;
				CLANG_WARN_RANGE_LOOP_ANALYSIS = YES;
				CLANG_WARN_STRICT_PROTOTYPES = YES;
				CLANG_WARN_SUSPICIOUS_MOVE = YES;
				CLANG_WARN_UNREACHABLE_CODE = YES;
				CLANG_WARN__DUPLICATE_METHOD_MATCH = YES;
				ENABLE_STRICT_OBJC_MSGSEND = YES;
				ENABLE_TESTABILITY = YES;
				GCC_C_LANGUAGE_STANDARD = gnu99;
				GCC_NO_COMMON_BLOCKS = YES;
				GCC_OPTIMIZATION_LEVEL = 0;
				GCC_PREPROCESSOR_DEFINITIONS = _DEBUG;
				GCC_WARN_64_TO_32_BIT_CONVERSION = YES;
				GCC_WARN_ABOUT_RETURN_TYPE = YES;
				GCC_WARN_CHECK_SWITCH_STATEMENTS = NO;
				GCC_WARN_UNDECLARED_SELECTOR = YES;
				GCC_WARN_UNINITIALIZED_AUTOS = YES;
				GCC_WARN_UNUSED_FUNCTION = YES;
				GCC_WARN_UNUSED_VALUE = NO;
				GCC_WARN_UNUSED_VARIABLE = NO;
				HEADER_SEARCH_PATHS = (
					"${SRCROOT}/../hltypes/include",
					"${SRCROOT}/../gtypes/include",
					"${SRCROOT}/include",
				);
				ONLY_ACTIVE_ARCH = YES;
				PRODUCT_NAME = liteser;
				SDKROOT = iphoneos;
			};
			name = Debug;
		};
		C9160586132AE60400914FFC /* Debug */ = {
			isa = XCBuildConfiguration;
			baseConfigurationReference = A16AB33C18DCCD1500B78CD1 /* Mac.xcconfig */;
			buildSettings = {
				ALWAYS_SEARCH_USER_PATHS = NO;
				CLANG_ENABLE_OBJC_WEAK = YES;
				COMBINE_HIDPI_IMAGES = YES;
				COPY_PHASE_STRIP = NO;
				DEAD_CODE_STRIPPING = YES;
				DSTROOT = /;
				DYLIB_COMPATIBILITY_VERSION = 1;
				DYLIB_CURRENT_VERSION = 1;
				FRAMEWORK_VERSION = A;
				GCC_MODEL_TUNING = G5;
				INFOPLIST_FILE = Info.plist;
				LD_DYLIB_INSTALL_NAME = "@executable_path/../Frameworks/$(EXECUTABLE_PATH)";
				MACOSX_DEPLOYMENT_TARGET = "$(RECOMMENDED_MACOSX_DEPLOYMENT_TARGET)";
				PRODUCT_BUNDLE_IDENTIFIER = "com.googlecode.${PRODUCT_NAME:rfc1034Identifier}";
				PRODUCT_NAME = liteser;
				SDKROOT = macosx;
				SKIP_INSTALL = YES;
				VALID_ARCHS = "i386 x86_64 ppc";
				WRAPPER_EXTENSION = framework;
			};
			name = Debug;
		};
		C9160587132AE61000914FFC /* Release */ = {
			isa = XCBuildConfiguration;
			buildSettings = {
				CLANG_ANALYZER_LOCALIZABILITY_NONLOCALIZED = YES;
				CLANG_WARN_BLOCK_CAPTURE_AUTORELEASING = YES;
				CLANG_WARN_BOOL_CONVERSION = YES;
				CLANG_WARN_COMMA = YES;
				CLANG_WARN_CONSTANT_CONVERSION = YES;
				CLANG_WARN_DEPRECATED_OBJC_IMPLEMENTATIONS = YES;
				CLANG_WARN_EMPTY_BODY = YES;
				CLANG_WARN_ENUM_CONVERSION = YES;
				CLANG_WARN_INFINITE_RECURSION = YES;
				CLANG_WARN_INT_CONVERSION = YES;
				CLANG_WARN_NON_LITERAL_NULL_CONVERSION = YES;
				CLANG_WARN_OBJC_IMPLICIT_RETAIN_SELF = YES;
				CLANG_WARN_OBJC_LITERAL_CONVERSION = YES;
				CLANG_WARN_QUOTED_INCLUDE_IN_FRAMEWORK_HEADER = YES;
				CLANG_WARN_RANGE_LOOP_ANALYSIS = YES;
				CLANG_WARN_STRICT_PROTOTYPES = YES;
				CLANG_WARN_SUSPICIOUS_MOVE = YES;
				CLANG_WARN_UNREACHABLE_CODE = YES;
				CLANG_WARN__DUPLICATE_METHOD_MATCH = YES;
				ENABLE_STRICT_OBJC_MSGSEND = YES;
				GCC_C_LANGUAGE_STANDARD = gnu99;
				GCC_NO_COMMON_BLOCKS = YES;
				GCC_WARN_64_TO_32_BIT_CONVERSION = YES;
				GCC_WARN_ABOUT_RETURN_TYPE = YES;
				GCC_WARN_CHECK_SWITCH_STATEMENTS = NO;
				GCC_WARN_UNDECLARED_SELECTOR = YES;
				GCC_WARN_UNINITIALIZED_AUTOS = YES;
				GCC_WARN_UNUSED_FUNCTION = YES;
				GCC_WARN_UNUSED_VALUE = NO;
				GCC_WARN_UNUSED_VARIABLE = NO;
				HEADER_SEARCH_PATHS = (
					"${SRCROOT}/../hltypes/include",
					"${SRCROOT}/../gtypes/include",
					"${SRCROOT}/include",
				);
				PRODUCT_NAME = liteser;
				SDKROOT = iphoneos;
			};
			name = Release;
		};
		C9160588132AE61000914FFC /* Release */ = {
			isa = XCBuildConfiguration;
			baseConfigurationReference = A16AB33C18DCCD1500B78CD1 /* Mac.xcconfig */;
			buildSettings = {
				ALWAYS_SEARCH_USER_PATHS = NO;
				CLANG_ENABLE_OBJC_WEAK = YES;
				COMBINE_HIDPI_IMAGES = YES;
				DEAD_CODE_STRIPPING = YES;
				DEBUG_INFORMATION_FORMAT = dwarf;
				DSTROOT = /;
				DYLIB_COMPATIBILITY_VERSION = 1;
				DYLIB_CURRENT_VERSION = 1;
				FRAMEWORK_VERSION = A;
				GCC_MODEL_TUNING = G5;
				INFOPLIST_FILE = Info.plist;
				LD_DYLIB_INSTALL_NAME = "@executable_path/../Frameworks/$(EXECUTABLE_PATH)";
				MACOSX_DEPLOYMENT_TARGET = "$(RECOMMENDED_MACOSX_DEPLOYMENT_TARGET)";
				PRODUCT_BUNDLE_IDENTIFIER = "com.googlecode.${PRODUCT_NAME:rfc1034Identifier}";
				PRODUCT_NAME = liteser;
				SDKROOT = macosx;
				SKIP_INSTALL = YES;
				VALID_ARCHS = "i386 x86_64 ppc";
				WRAPPER_EXTENSION = framework;
			};
			name = Release;
		};
		D1522F27140F79500012F290 /* Debug */ = {
			isa = XCBuildConfiguration;
			baseConfigurationReference = A16AB33B18DCCB7700B78CD1 /* iOS.xcconfig */;
			buildSettings = {
				CLANG_ENABLE_OBJC_WEAK = YES;
				COPY_PHASE_STRIP = NO;
				FRAMEWORK_SEARCH_PATHS = (
					"$(inherited)",
					"\"$(DEVELOPER_FRAMEWORKS_DIR)\"",
				);
				GCC_PREPROCESSOR_DEFINITIONS = (
					_IOS,
					_LIB,
					"$(inherited)",
				);
				GCC_WARN_ABOUT_MISSING_PROTOTYPES = YES;
				HEADER_SEARCH_PATHS = (
					"${SRCROOT}/../hltypes/include",
					"${SRCROOT}/../gtypes/include",
					"${SRCROOT}/../hltypes/hlxml/include",
					"${SRCROOT}/include",
				);
				OTHER_LDFLAGS = "-ObjC";
				PRODUCT_NAME = liteser;
				SKIP_INSTALL = YES;
			};
			name = Debug;
		};
		D1522F29140F79500012F290 /* Release */ = {
			isa = XCBuildConfiguration;
			baseConfigurationReference = A16AB33B18DCCB7700B78CD1 /* iOS.xcconfig */;
			buildSettings = {
				CLANG_ENABLE_OBJC_WEAK = YES;
				COPY_PHASE_STRIP = YES;
				FRAMEWORK_SEARCH_PATHS = (
					"$(inherited)",
					"\"$(DEVELOPER_FRAMEWORKS_DIR)\"",
				);
				GCC_PREPROCESSOR_DEFINITIONS = (
					_IOS,
					_LIB,
					"$(inherited)",
				);
				GCC_WARN_ABOUT_MISSING_PROTOTYPES = YES;
				HEADER_SEARCH_PATHS = (
					"${SRCROOT}/../hltypes/include",
					"${SRCROOT}/../gtypes/include",
					"${SRCROOT}/../hltypes/hlxml/include",
					"${SRCROOT}/include",
				);
				OTHER_LDFLAGS = "-ObjC";
				PRODUCT_NAME = liteser;
				SKIP_INSTALL = YES;
			};
			name = Release;
		};
		D1522F2A140F79500012F290 /* App Store */ = {
			isa = XCBuildConfiguration;
			baseConfigurationReference = A16AB33B18DCCB7700B78CD1 /* iOS.xcconfig */;
			buildSettings = {
				CLANG_ENABLE_OBJC_WEAK = YES;
				COPY_PHASE_STRIP = YES;
				FRAMEWORK_SEARCH_PATHS = (
					"$(inherited)",
					"\"$(DEVELOPER_FRAMEWORKS_DIR)\"",
				);
				GCC_PREPROCESSOR_DEFINITIONS = (
					_IOS,
					_LIB,
					"$(inherited)",
				);
				GCC_WARN_ABOUT_MISSING_PROTOTYPES = YES;
				HEADER_SEARCH_PATHS = (
					"${SRCROOT}/../hltypes/include",
					"${SRCROOT}/../gtypes/include",
					"${SRCROOT}/../hltypes/hlxml/include",
					"${SRCROOT}/include",
				);
				OTHER_LDFLAGS = "-ObjC";
				PRODUCT_NAME = liteser;
				SKIP_INSTALL = YES;
			};
			name = "App Store";
		};
		D1E1AD861961654600001F36 /* Debug */ = {
			isa = XCBuildConfiguration;
			baseConfigurationReference = A16AB33C18DCCD1500B78CD1 /* Mac.xcconfig */;
			buildSettings = {
				CLANG_ENABLE_OBJC_WEAK = YES;
				COMBINE_HIDPI_IMAGES = YES;
				COPY_PHASE_STRIP = NO;
				DEAD_CODE_STRIPPING = YES;
				DSTROOT = /tmp/libliteser_ios.dst;
				GCC_PREPROCESSOR_DEFINITIONS = (
					_MAC,
					_LIB,
					"$(inherited)",
				);
				GCC_WARN_ABOUT_MISSING_PROTOTYPES = YES;
				HEADER_SEARCH_PATHS = (
					"${SRCROOT}/../hltypes/include",
					"${SRCROOT}/../gtypes/include",
					"${SRCROOT}/../hltypes/hlxml/include",
					"${SRCROOT}/include",
				);
				OTHER_LDFLAGS = "-ObjC";
				PRODUCT_NAME = liteser;
				SDKROOT = macosx;
				SKIP_INSTALL = YES;
			};
			name = Debug;
		};
		D1E1AD871961654600001F36 /* Release */ = {
			isa = XCBuildConfiguration;
			baseConfigurationReference = A16AB33C18DCCD1500B78CD1 /* Mac.xcconfig */;
			buildSettings = {
				CLANG_ENABLE_OBJC_WEAK = YES;
				COMBINE_HIDPI_IMAGES = YES;
				COPY_PHASE_STRIP = YES;
				DEAD_CODE_STRIPPING = YES;
				DSTROOT = /tmp/libliteser_ios.dst;
				GCC_PREPROCESSOR_DEFINITIONS = (
					_MAC,
					_LIB,
					"$(inherited)",
				);
				GCC_WARN_ABOUT_MISSING_PROTOTYPES = YES;
				HEADER_SEARCH_PATHS = (
					"${SRCROOT}/../hltypes/include",
					"${SRCROOT}/../gtypes/include",
					"${SRCROOT}/../hltypes/hlxml/include",
					"${SRCROOT}/include",
				);
				OTHER_LDFLAGS = "-ObjC";
				PRODUCT_NAME = liteser;
				SDKROOT = macosx;
				SKIP_INSTALL = YES;
				VALIDATE_PRODUCT = YES;
			};
			name = Release;
		};
		D1E1AD881961654600001F36 /* App Store */ = {
			isa = XCBuildConfiguration;
			baseConfigurationReference = A16AB33C18DCCD1500B78CD1 /* Mac.xcconfig */;
			buildSettings = {
				CLANG_ENABLE_OBJC_WEAK = YES;
				COMBINE_HIDPI_IMAGES = YES;
				COPY_PHASE_STRIP = YES;
				DEAD_CODE_STRIPPING = YES;
				DSTROOT = /tmp/libliteser_ios.dst;
				GCC_PREPROCESSOR_DEFINITIONS = (
					_MAC,
					_LIB,
					"$(inherited)",
				);
				GCC_WARN_ABOUT_MISSING_PROTOTYPES = YES;
				HEADER_SEARCH_PATHS = (
					"${SRCROOT}/../hltypes/include",
					"${SRCROOT}/../gtypes/include",
					"${SRCROOT}/../hltypes/hlxml/include",
					"${SRCROOT}/include",
				);
				OTHER_LDFLAGS = "-ObjC";
				PRODUCT_NAME = liteser;
				SDKROOT = macosx;
				SKIP_INSTALL = YES;
				VALIDATE_PRODUCT = YES;
			};
			name = "App Store";
		};
/* End XCBuildConfiguration section */

/* Begin XCConfigurationList section */
		1DEB91AD08733DA50010E9CD /* Build configuration list for PBXNativeTarget "liteser" */ = {
			isa = XCConfigurationList;
			buildConfigurations = (
				C9160586132AE60400914FFC /* Debug */,
				C9160588132AE61000914FFC /* Release */,
				7F7A5615129D436D00E0ED12 /* App Store */,
			);
			defaultConfigurationIsVisible = 0;
			defaultConfigurationName = Debug;
		};
		1DEB91B108733DA50010E9CD /* Build configuration list for PBXProject "liteser" */ = {
			isa = XCConfigurationList;
			buildConfigurations = (
				C9160585132AE60400914FFC /* Debug */,
				C9160587132AE61000914FFC /* Release */,
				7F7A5614129D436D00E0ED12 /* App Store */,
			);
			defaultConfigurationIsVisible = 0;
			defaultConfigurationName = Debug;
		};
		D1522F2B140F79500012F290 /* Build configuration list for PBXNativeTarget "liteser (iOS)" */ = {
			isa = XCConfigurationList;
			buildConfigurations = (
				D1522F27140F79500012F290 /* Debug */,
				D1522F29140F79500012F290 /* Release */,
				D1522F2A140F79500012F290 /* App Store */,
			);
			defaultConfigurationIsVisible = 0;
			defaultConfigurationName = Debug;
		};
		D1E1AD851961654600001F36 /* Build configuration list for PBXNativeTarget "liteser (Mac)" */ = {
			isa = XCConfigurationList;
			buildConfigurations = (
				D1E1AD861961654600001F36 /* Debug */,
				D1E1AD871961654600001F36 /* Release */,
				D1E1AD881961654600001F36 /* App Store */,
			);
			defaultConfigurationIsVisible = 0;
			defaultConfigurationName = Debug;
		};
/* End XCConfigurationList section */
	};
	rootObject = 0867D690FE84028FC02AAC07 /* Project object */;
}
